
Microsoft Visual Studio Solution File, Format Version 12.00
# Visual Studio 15
VisualStudioVersion = 15.0.28307.1401
MinimumVisualStudioVersion = 10.0.40219.1
Project("{FAE04EC0-301F-11D3-BF4B-00C04F79EFBC}") = "OracleToMySQLConvertor", "OracleToMySQLConvertor\OracleToMySQLConvertor.csproj", "{6097048A-5E22-4DEA-A8F0-481B9ADF3AC5}"
EndProject
Global
	GlobalSection(SolutionConfigurationPlatforms) = preSolution
		Debug|Any CPU = Debug|Any CPU
		Release|Any CPU = Release|Any CPU
	EndGlobalSection
	GlobalSection(ProjectConfigurationPlatforms) = postSolution
		{6097048A-5E22-4DEA-A8F0-481B9ADF3AC5}.Debug|Any CPU.ActiveCfg = Debug|Any CPU
		{6097048A-5E22-4DEA-A8F0-481B9ADF3AC5}.Debug|Any CPU.Build.0 = Debug|Any CPU
		{6097048A-5E22-4DEA-A8F0-481B9ADF3AC5}.Release|Any CPU.ActiveCfg = Release|Any CPU
		{6097048A-5E22-4DEA-A8F0-481B9ADF3AC5}.Release|Any CPU.Build.0 = Release|Any CPU
	EndGlobalSection
	GlobalSection(SolutionProperties) = preSolution
		HideSolutionNode = FALSE
	EndGlobalSection
	GlobalSection(ExtensibilityGlobals) = postSolution
		SolutionGuid = {69061666-0B50-43F4-AF5B-18114F11FAE3}
	EndGlobalSection
EndGlobal
